
Microsoft Visual Studio Solution File, Format Version 12.00
# Visual Studio Version 16
VisualStudioVersion = 16.0.30523.141
MinimumVisualStudioVersion = 10.0.40219.1
Project("{FAE04EC0-301F-11D3-BF4B-00C04F79EFBC}") = "DocumentEditor", "DocumentEditor.csproj", "{09537EF1-F8C3-4B37-94B0-DE8B4532E76C}"
EndProject
Global
	GlobalSection(SolutionConfigurationPlatforms) = preSolution
		Debug|Any CPU = Debug|Any CPU
		Release|Any CPU = Release|Any CPU
	EndGlobalSection
	GlobalSection(ProjectConfigurationPlatforms) = postSolution
		{09537EF1-F8C3-4B37-94B0-DE8B4532E76C}.Debug|Any CPU.ActiveCfg = Debug|Any CPU
		{09537EF1-F8C3-4B37-94B0-DE8B4532E76C}.Debug|Any CPU.Build.0 = Debug|Any CPU
		{09537EF1-F8C3-4B37-94B0-DE8B4532E76C}.Release|Any CPU.ActiveCfg = Release|Any CPU
		{09537EF1-F8C3-4B37-94B0-DE8B4532E76C}.Release|Any CPU.Build.0 = Release|Any CPU
	EndGlobalSection
	GlobalSection(SolutionProperties) = preSolution
		HideSolutionNode = FALSE
	EndGlobalSection
	GlobalSection(ExtensibilityGlobals) = postSolution
		SolutionGuid = {2CB4DFDD-9FEA-4406-91EE-804C93F2F13A}
	EndGlobalSection
EndGlobal
