
Microsoft Visual Studio Solution File, Format Version 12.00
# Visual Studio Version 16
VisualStudioVersion = 16.0.30523.141
MinimumVisualStudioVersion = 10.0.40219.1
Project("{FAE04EC0-301F-11D3-BF4B-00C04F79EFBC}") = "Console input as text output", "Console input as text output.csproj", "{71557685-E9B4-4BAE-8E66-C7D485489BA4}"
EndProject
Global
	GlobalSection(SolutionConfigurationPlatforms) = preSolution
		Debug|Any CPU = Debug|Any CPU
		Release|Any CPU = Release|Any CPU
	EndGlobalSection
	GlobalSection(ProjectConfigurationPlatforms) = postSolution
		{71557685-E9B4-4BAE-8E66-C7D485489BA4}.Debug|Any CPU.ActiveCfg = Debug|Any CPU
		{71557685-E9B4-4BAE-8E66-C7D485489BA4}.Debug|Any CPU.Build.0 = Debug|Any CPU
		{71557685-E9B4-4BAE-8E66-C7D485489BA4}.Release|Any CPU.ActiveCfg = Release|Any CPU
		{71557685-E9B4-4BAE-8E66-C7D485489BA4}.Release|Any CPU.Build.0 = Release|Any CPU
	EndGlobalSection
	GlobalSection(SolutionProperties) = preSolution
		HideSolutionNode = FALSE
	EndGlobalSection
	GlobalSection(ExtensibilityGlobals) = postSolution
		SolutionGuid = {23CC0DD2-F1EA-4048-8FD8-3BD7364A5FC6}
	EndGlobalSection
EndGlobal
