
Microsoft Visual Studio Solution File, Format Version 12.00
# Visual Studio Version 16
VisualStudioVersion = 16.0.30523.141
MinimumVisualStudioVersion = 10.0.40219.1
Project("{FAE04EC0-301F-11D3-BF4B-00C04F79EFBC}") = "Shut down on clap", "Shut down on clap.csproj", "{36CA1540-8AEB-42BB-B536-97777545EBFC}"
EndProject
Global
	GlobalSection(SolutionConfigurationPlatforms) = preSolution
		Debug|Any CPU = Debug|Any CPU
		Release|Any CPU = Release|Any CPU
	EndGlobalSection
	GlobalSection(ProjectConfigurationPlatforms) = postSolution
		{36CA1540-8AEB-42BB-B536-97777545EBFC}.Debug|Any CPU.ActiveCfg = Debug|Any CPU
		{36CA1540-8AEB-42BB-B536-97777545EBFC}.Debug|Any CPU.Build.0 = Debug|Any CPU
		{36CA1540-8AEB-42BB-B536-97777545EBFC}.Release|Any CPU.ActiveCfg = Release|Any CPU
		{36CA1540-8AEB-42BB-B536-97777545EBFC}.Release|Any CPU.Build.0 = Release|Any CPU
	EndGlobalSection
	GlobalSection(SolutionProperties) = preSolution
		HideSolutionNode = FALSE
	EndGlobalSection
	GlobalSection(ExtensibilityGlobals) = postSolution
		SolutionGuid = {22B74435-60D1-4F60-B8C2-545F5614F387}
	EndGlobalSection
EndGlobal
