
Microsoft Visual Studio Solution File, Format Version 12.00
# Visual Studio Version 16
VisualStudioVersion = 16.0.30523.141
MinimumVisualStudioVersion = 10.0.40219.1
Project("{FAE04EC0-301F-11D3-BF4B-00C04F79EFBC}") = "Mortgage Calculator", "Mortgage Calculator.csproj", "{125CD26B-38BE-4A7B-9DB7-862FBC225A8F}"
EndProject
Global
	GlobalSection(SolutionConfigurationPlatforms) = preSolution
		Debug|Any CPU = Debug|Any CPU
		Release|Any CPU = Release|Any CPU
	EndGlobalSection
	GlobalSection(ProjectConfigurationPlatforms) = postSolution
		{125CD26B-38BE-4A7B-9DB7-862FBC225A8F}.Debug|Any CPU.ActiveCfg = Debug|Any CPU
		{125CD26B-38BE-4A7B-9DB7-862FBC225A8F}.Debug|Any CPU.Build.0 = Debug|Any CPU
		{125CD26B-38BE-4A7B-9DB7-862FBC225A8F}.Release|Any CPU.ActiveCfg = Release|Any CPU
		{125CD26B-38BE-4A7B-9DB7-862FBC225A8F}.Release|Any CPU.Build.0 = Release|Any CPU
	EndGlobalSection
	GlobalSection(SolutionProperties) = preSolution
		HideSolutionNode = FALSE
	EndGlobalSection
	GlobalSection(ExtensibilityGlobals) = postSolution
		SolutionGuid = {0B833CE0-B0C7-45F8-AE36-DDC516F90AFB}
	EndGlobalSection
EndGlobal
