
Microsoft Visual Studio Solution File, Format Version 12.00
# Visual Studio Version 16
VisualStudioVersion = 16.0.30523.141
MinimumVisualStudioVersion = 10.0.40219.1
Project("{FAE04EC0-301F-11D3-BF4B-00C04F79EFBC}") = "Next Prime Number", "Next Prime Number.csproj", "{DDC9745F-F28C-41B9-8FD0-040584CE6420}"
EndProject
Global
	GlobalSection(SolutionConfigurationPlatforms) = preSolution
		Debug|Any CPU = Debug|Any CPU
		Release|Any CPU = Release|Any CPU
	EndGlobalSection
	GlobalSection(ProjectConfigurationPlatforms) = postSolution
		{DDC9745F-F28C-41B9-8FD0-040584CE6420}.Debug|Any CPU.ActiveCfg = Debug|Any CPU
		{DDC9745F-F28C-41B9-8FD0-040584CE6420}.Debug|Any CPU.Build.0 = Debug|Any CPU
		{DDC9745F-F28C-41B9-8FD0-040584CE6420}.Release|Any CPU.ActiveCfg = Release|Any CPU
		{DDC9745F-F28C-41B9-8FD0-040584CE6420}.Release|Any CPU.Build.0 = Release|Any CPU
	EndGlobalSection
	GlobalSection(SolutionProperties) = preSolution
		HideSolutionNode = FALSE
	EndGlobalSection
	GlobalSection(ExtensibilityGlobals) = postSolution
		SolutionGuid = {39817C16-F6DC-44F8-8798-C215C7FCC92B}
	EndGlobalSection
EndGlobal
