
Microsoft Visual Studio Solution File, Format Version 12.00
# Visual Studio Version 16
VisualStudioVersion = 16.0.30523.141
MinimumVisualStudioVersion = 10.0.40219.1
Project("{FAE04EC0-301F-11D3-BF4B-00C04F79EFBC}") = "Find PI to the Nth Digit", "Find PI to the Nth Digit.csproj", "{E1E8C240-B95C-4344-BCE1-F1C604C762B0}"
EndProject
Global
	GlobalSection(SolutionConfigurationPlatforms) = preSolution
		Debug|Any CPU = Debug|Any CPU
		Release|Any CPU = Release|Any CPU
	EndGlobalSection
	GlobalSection(ProjectConfigurationPlatforms) = postSolution
		{E1E8C240-B95C-4344-BCE1-F1C604C762B0}.Debug|Any CPU.ActiveCfg = Debug|Any CPU
		{E1E8C240-B95C-4344-BCE1-F1C604C762B0}.Debug|Any CPU.Build.0 = Debug|Any CPU
		{E1E8C240-B95C-4344-BCE1-F1C604C762B0}.Release|Any CPU.ActiveCfg = Release|Any CPU
		{E1E8C240-B95C-4344-BCE1-F1C604C762B0}.Release|Any CPU.Build.0 = Release|Any CPU
	EndGlobalSection
	GlobalSection(SolutionProperties) = preSolution
		HideSolutionNode = FALSE
	EndGlobalSection
	GlobalSection(ExtensibilityGlobals) = postSolution
		SolutionGuid = {6B3CD246-FDAE-4D6A-B3F7-0400A094D57A}
	EndGlobalSection
EndGlobal
